<?xml version="1.0" encoding="utf-8"?>
<Project ToolsVersion="4.0" xmlns="http://schemas.microsoft.com/developer/msbuild/2003">
  <ItemGroup>
    <Filter Include="00.System">
      <UniqueIdentifier>{7a377c98-3c2a-493f-8145-007c8be15b13}</UniqueIdentifier>
    </Filter>
    <Filter Include="01.Utility">
      <UniqueIdentifier>{4493a0cf-450a-4a0c-b085-77fedcca059d}</UniqueIdentifier>
    </Filter>
    <Filter Include="98.Export">
      <UniqueIdentifier>{73b6133e-286c-4295-ab93-99eccadfbcdd}</UniqueIdentifier>
    </Filter>
    <Filter Include="00.System\00. GraphicDev">
      <UniqueIdentifier>{473ed3a8-fa2b-4bc7-8ba8-ee659e01356b}</UniqueIdentifier>
    </Filter>
    <Filter Include="99.Header">
      <UniqueIdentifier>{33c55225-5a26-48f4-8d8b-663878585d52}</UniqueIdentifier>
    </Filter>
    <Filter Include="00.System\01.InputDev">
      <UniqueIdentifier>{643562d5-fb96-4ebf-9ece-6bbcf1c542a5}</UniqueIdentifier>
    </Filter>
    <Filter Include="00.System\02.Timer">
      <UniqueIdentifier>{13cdf393-30e5-42c1-b34b-9bfdf5e8b53b}</UniqueIdentifier>
    </Filter>
    <Filter Include="00.System\03.Frame">
      <UniqueIdentifier>{21595f91-d45d-45da-98e0-eb1f4b956e05}</UniqueIdentifier>
    </Filter>
    <Filter Include="00.System\04.Font">
      <UniqueIdentifier>{de0b0754-a647-4737-b1a0-401cbf005bc3}</UniqueIdentifier>
    </Filter>
    <Filter Include="00.System\02.Timer\Manager">
      <UniqueIdentifier>{73ea14ae-5dea-473c-a8ed-67cd4beb5b36}</UniqueIdentifier>
    </Filter>
    <Filter Include="00.System\03.Frame\Manager">
      <UniqueIdentifier>{9f8ef50b-9ab7-4689-9233-ac68bd0c5cac}</UniqueIdentifier>
    </Filter>
    <Filter Include="00.System\04.Font\Manager">
      <UniqueIdentifier>{8ad18a36-c8f6-44cb-b8c2-a5fdf200ee78}</UniqueIdentifier>
    </Filter>
    <Filter Include="01.Utility\00.Management">
      <UniqueIdentifier>{272b23a0-86b3-4fb1-8855-0980023baf8d}</UniqueIdentifier>
    </Filter>
    <Filter Include="01.Utility\00.Management\00.Subject">
      <UniqueIdentifier>{bacf8093-67fc-4cfc-a77c-d387a2c3684e}</UniqueIdentifier>
    </Filter>
    <Filter Include="01.Utility\01.Scene">
      <UniqueIdentifier>{f87208a8-4e5f-4010-853f-112f3857fff0}</UniqueIdentifier>
    </Filter>
    <Filter Include="01.Utility\02.Layer">
      <UniqueIdentifier>{fc85fc8c-7cf1-4910-819c-f443bd7f9f4f}</UniqueIdentifier>
    </Filter>
    <Filter Include="01.Utility\03.GameObject">
      <UniqueIdentifier>{2d635c95-dc0c-42d1-b9ed-7e4fcce8a94c}</UniqueIdentifier>
    </Filter>
    <Filter Include="01.Utility\04.Component">
      <UniqueIdentifier>{c3926d6d-e8a7-45a0-bb22-d64024384312}</UniqueIdentifier>
    </Filter>
    <Filter Include="01.Utility\05.Light">
      <UniqueIdentifier>{65332a9c-9daa-4aa3-85e7-31869721f8b2}</UniqueIdentifier>
    </Filter>
    <Filter Include="01.Utility\07.Observer">
      <UniqueIdentifier>{ef4238ff-bdad-4bb7-b193-551ed435ef5a}</UniqueIdentifier>
    </Filter>
    <Filter Include="01.Utility\04.Component\00.Transform">
      <UniqueIdentifier>{78730a3e-9e8a-4dfd-91d9-517ea9c49f0b}</UniqueIdentifier>
    </Filter>
    <Filter Include="01.Utility\04.Component\02.Collider">
      <UniqueIdentifier>{16b6ea85-27d7-446a-aa21-42f0c4c61b2b}</UniqueIdentifier>
    </Filter>
    <Filter Include="01.Utility\04.Component\03.Renderer">
      <UniqueIdentifier>{78249813-6dd2-454d-91b5-d132db902a04}</UniqueIdentifier>
    </Filter>
    <Filter Include="01.Utility\04.Component\04.Optimization">
      <UniqueIdentifier>{e16872db-9827-4041-86ba-cc2b8b922148}</UniqueIdentifier>
    </Filter>
    <Filter Include="01.Utility\04.Component\04.Optimization\00.Frustum">
      <UniqueIdentifier>{86570be8-3a1d-4ad8-9d04-746215f78fc6}</UniqueIdentifier>
    </Filter>
    <Filter Include="01.Utility\04.Component\05.VIBuffer">
      <UniqueIdentifier>{7dc13f91-869d-4a9a-bc95-9f3409c32776}</UniqueIdentifier>
    </Filter>
    <Filter Include="01.Utility\04.Component\Manager">
      <UniqueIdentifier>{8529754c-9783-4899-9cb1-230782c5cd40}</UniqueIdentifier>
    </Filter>
    <Filter Include="01.Utility\05.Light\Manager">
      <UniqueIdentifier>{da075874-3eb2-4f09-966b-b68a312d408b}</UniqueIdentifier>
    </Filter>
    <Filter Include="01.Utility\04.Component\05.VIBuffer\00.TriCol">
      <UniqueIdentifier>{21808bfa-a09a-458f-aa6a-64cb0852a505}</UniqueIdentifier>
    </Filter>
    <Filter Include="01.Utility\04.Component\05.VIBuffer\01.RcTex">
      <UniqueIdentifier>{5cb75172-c187-4077-9d62-ec2aa00c4200}</UniqueIdentifier>
    </Filter>
    <Filter Include="01.Utility\04.Component\05.VIBuffer\02.CubeCol">
      <UniqueIdentifier>{38fb8f22-f74b-47d4-b8b3-2e1d8955d37a}</UniqueIdentifier>
    </Filter>
    <Filter Include="01.Utility\04.Component\05.VIBuffer\03.CubeTex">
      <UniqueIdentifier>{0d5f2ca4-e9ae-4cdc-8df3-5e860a85ba2a}</UniqueIdentifier>
    </Filter>
    <Filter Include="01.Utility\04.Component\05.VIBuffer\04.TerrainTex">
      <UniqueIdentifier>{ddae45c7-229d-4ad5-b552-f0b1eeb290ee}</UniqueIdentifier>
    </Filter>
    <Filter Include="01.Utility\04.Component\05.VIBuffer\05.ScreenTex">
      <UniqueIdentifier>{b96e007d-a9c3-4953-aa7b-226ce68330a0}</UniqueIdentifier>
    </Filter>
    <Filter Include="01.Utility\04.Component\01.Calculator">
      <UniqueIdentifier>{79f9596e-853f-4dbc-bc0f-220940793ac0}</UniqueIdentifier>
    </Filter>
    <Filter Include="01.Utility\06.RenderTarget">
      <UniqueIdentifier>{e9b63d7c-8ecd-4109-9b51-3a9b744c1ffd}</UniqueIdentifier>
    </Filter>
    <Filter Include="01.Utility\06.RenderTarget\Manager">
      <UniqueIdentifier>{a12d266d-1d99-4859-8828-91d370081959}</UniqueIdentifier>
    </Filter>
    <Filter Include="01.Utility\03.GameObject\00.Camera">
      <UniqueIdentifier>{6e23d088-6d20-4a90-ab28-ee9dbbd570d0}</UniqueIdentifier>
    </Filter>
    <Filter Include="01.Utility\04.Component\02.Collider\00.SphereCollider">
      <UniqueIdentifier>{f05264f2-61e5-4779-b095-b65544819ae0}</UniqueIdentifier>
    </Filter>
    <Filter Include="01.Utility\04.Component\02.Collider\01.CubeCollider">
      <UniqueIdentifier>{8a447955-0e78-4925-aa86-69eb72b02991}</UniqueIdentifier>
    </Filter>
    <Filter Include="01.Utility\04.Component\05.VIBuffer\06.ParticleTex">
      <UniqueIdentifier>{17abcda0-f4fc-4091-8bb6-2fb0b0ece082}</UniqueIdentifier>
    </Filter>
    <Filter Include="01.Utility\04.Component\Manager\00.ComponentMgr">
      <UniqueIdentifier>{0dfceaf2-6791-4120-a05d-2c233034954d}</UniqueIdentifier>
    </Filter>
    <Filter Include="01.Utility\04.Component\Manager\01.TextureMgr">
      <UniqueIdentifier>{316d8af7-5e7f-45d3-8b28-3531a0fa6254}</UniqueIdentifier>
    </Filter>
    <Filter Include="01.Utility\04.Component\07.Texture">
      <UniqueIdentifier>{585d04d4-f891-49aa-a016-e82491fe7234}</UniqueIdentifier>
    </Filter>
    <Filter Include="01.Utility\04.Component\08.Mesh">
      <UniqueIdentifier>{7de65450-70d6-45ff-b09f-5830b36ad2c4}</UniqueIdentifier>
    </Filter>
    <Filter Include="01.Utility\04.Component\08.Mesh\00.StaticMesh">
      <UniqueIdentifier>{25eae5cd-bac8-4e2b-8b19-5952b8a98f3a}</UniqueIdentifier>
    </Filter>
    <Filter Include="01.Utility\04.Component\08.Mesh\01.DynamicMesh">
      <UniqueIdentifier>{15c2f0b8-e8ca-483a-a792-34182a32c94c}</UniqueIdentifier>
    </Filter>
    <Filter Include="01.Utility\04.Component\08.Mesh\01.DynamicMesh\00.HierachyLoader">
      <UniqueIdentifier>{e6694c39-ad67-4f4f-8811-15cd479244c7}</UniqueIdentifier>
    </Filter>
    <Filter Include="01.Utility\04.Component\08.Mesh\01.DynamicMesh\01.AniCtrl">
      <UniqueIdentifier>{84e854ff-afb9-4d29-90cc-8020710898ad}</UniqueIdentifier>
    </Filter>
    <Filter Include="01.Utility\04.Component\08.Mesh\02.NaviMesh">
      <UniqueIdentifier>{694b152c-d18e-45f9-a600-bdef48eb21ad}</UniqueIdentifier>
    </Filter>
    <Filter Include="01.Utility\04.Component\08.Mesh\02.NaviMesh\00.Line">
      <UniqueIdentifier>{98e3da17-a357-4a29-88ed-7681a4a2aa94}</UniqueIdentifier>
    </Filter>
    <Filter Include="01.Utility\04.Component\08.Mesh\02.NaviMesh\01.Cell">
      <UniqueIdentifier>{4a0da906-df5f-472f-abbf-eb90cd084a45}</UniqueIdentifier>
    </Filter>
    <Filter Include="01.Utility\04.Component\09.Shader">
      <UniqueIdentifier>{67828032-8951-4807-a0b3-ddfd12e70cc2}</UniqueIdentifier>
    </Filter>
    <Filter Include="01.Utility\04.Component\09.Shader\00.fx">
      <UniqueIdentifier>{f56c1c17-cb3b-4663-8bf1-7cbb7ce40105}</UniqueIdentifier>
    </Filter>
    <Filter Include="01.Utility\04.Component\09.Shader\00.fx\00.General">
      <UniqueIdentifier>{3513d0d4-6e13-46ec-8d8f-a8f5727a8b4f}</UniqueIdentifier>
    </Filter>
    <Filter Include="01.Utility\04.Component\09.Shader\00.fx\02.HDR">
      <UniqueIdentifier>{6ba3e1b8-a102-4a82-9189-cae87682afb9}</UniqueIdentifier>
    </Filter>
    <Filter Include="01.Utility\04.Component\09.Shader\00.fx\03.Outline">
      <UniqueIdentifier>{9130abf0-3653-4b43-9fb3-91cf0cbeb507}</UniqueIdentifier>
    </Filter>
    <Filter Include="01.Utility\04.Component\09.Shader\00.fx\04.Occulusion">
      <UniqueIdentifier>{ed50dee8-ca92-48e2-882c-29eea59656cb}</UniqueIdentifier>
    </Filter>
    <Filter Include="01.Utility\04.Component\09.Shader\00.fx\01.Light">
      <UniqueIdentifier>{ebe9a4dd-9edd-4034-9bc5-9dd311c48ae6}</UniqueIdentifier>
    </Filter>
    <Filter Include="01.Utility\04.Component\09.Shader\00.fx\05.PostEffect">
      <UniqueIdentifier>{7e5993cb-a4ea-4627-882a-68076dce178d}</UniqueIdentifier>
    </Filter>
    <Filter Include="01.Utility\04.Component\06.UltimateBuffer">
      <UniqueIdentifier>{2b9560a5-01f4-455b-910b-4b48d7881c25}</UniqueIdentifier>
    </Filter>
    <Filter Include="01.Utility\04.Component\09.Shader\00.fx\05.PostEffect\00.DOF">
      <UniqueIdentifier>{5e38afc6-7dd6-48f2-94b9-a041b020afee}</UniqueIdentifier>
    </Filter>
    <Filter Include="01.Utility\04.Component\09.Shader\00.fx\05.PostEffect\01.LightShaft">
      <UniqueIdentifier>{6a0157f9-51e5-43df-88cd-d277141b1e7c}</UniqueIdentifier>
    </Filter>
    <Filter Include="01.Utility\04.Component\05.VIBuffer\07.DynamicBuffer">
      <UniqueIdentifier>{eb595f90-d7e4-4e4b-88e6-5f0f686c5aef}</UniqueIdentifier>
    </Filter>
    <Filter Include="01.Utility\04.Component\08.Mesh\03.NaviMeshRun">
      <UniqueIdentifier>{697bfbe1-bc0c-45e4-b084-29647cd35b14}</UniqueIdentifier>
    </Filter>
    <Filter Include="01.Utility\04.Component\09.Shader\00.fx\05.PostEffect\02.ShadowFilter">
      <UniqueIdentifier>{45a3c3f2-df34-42c9-a5ae-0d9754b96065}</UniqueIdentifier>
    </Filter>
  </ItemGroup>
  <ItemGroup>
    <ClInclude Include="..\Code\GraphicDev.h">
      <Filter>00.System\00. GraphicDev</Filter>
    </ClInclude>
    <ClInclude Include="..\Header\Export_Engine.h">
      <Filter>98.Export</Filter>
    </ClInclude>
    <ClInclude Include="..\Header\Engine_Defines.h">
      <Filter>99.Header</Filter>
    </ClInclude>
    <ClInclude Include="..\Header\Engine_Function.h">
      <Filter>99.Header</Filter>
    </ClInclude>
    <ClInclude Include="..\Header\Engine_Macro.h">
      <Filter>99.Header</Filter>
    </ClInclude>
    <ClInclude Include="..\Header\Engine_Struct.h">
      <Filter>99.Header</Filter>
    </ClInclude>
    <ClInclude Include="..\Header\Engine_Typedef.h">
      <Filter>99.Header</Filter>
    </ClInclude>
    <ClInclude Include="..\Header\Export_Funtion.h">
      <Filter>99.Header</Filter>
    </ClInclude>
    <ClInclude Include="..\Code\InputDev.h">
      <Filter>00.System\01.InputDev</Filter>
    </ClInclude>
    <ClInclude Include="..\Code\Timer.h">
      <Filter>00.System\02.Timer</Filter>
    </ClInclude>
    <ClInclude Include="..\Code\TimerMgr.h">
      <Filter>00.System\02.Timer\Manager</Filter>
    </ClInclude>
    <ClInclude Include="..\Code\Frame.h">
      <Filter>00.System\03.Frame</Filter>
    </ClInclude>
    <ClInclude Include="..\Code\FrameMgr.h">
      <Filter>00.System\03.Frame\Manager</Filter>
    </ClInclude>
    <ClInclude Include="..\Code\Font.h">
      <Filter>00.System\04.Font</Filter>
    </ClInclude>
    <ClInclude Include="..\Code\FontMgr.h">
      <Filter>00.System\04.Font\Manager</Filter>
    </ClInclude>
    <ClInclude Include="..\Code\Management.h">
      <Filter>01.Utility\00.Management</Filter>
    </ClInclude>
    <ClInclude Include="..\Code\Component.h">
      <Filter>01.Utility\04.Component</Filter>
    </ClInclude>
    <ClInclude Include="..\Code\GameObject.h">
      <Filter>01.Utility\03.GameObject</Filter>
    </ClInclude>
    <ClInclude Include="..\Code\Layer.h">
      <Filter>01.Utility\02.Layer</Filter>
    </ClInclude>
    <ClInclude Include="..\Code\Scene.h">
      <Filter>01.Utility\01.Scene</Filter>
    </ClInclude>
    <ClInclude Include="..\Code\Subject.h">
      <Filter>01.Utility\00.Management\00.Subject</Filter>
    </ClInclude>
    <ClInclude Include="..\Code\Observer.h">
      <Filter>01.Utility\07.Observer</Filter>
    </ClInclude>
    <ClInclude Include="..\Code\TriCol.h">
      <Filter>01.Utility\04.Component\05.VIBuffer\00.TriCol</Filter>
    </ClInclude>
    <ClInclude Include="..\Code\RcTex.h">
      <Filter>01.Utility\04.Component\05.VIBuffer\01.RcTex</Filter>
    </ClInclude>
    <ClInclude Include="..\Code\CubeCol.h">
      <Filter>01.Utility\04.Component\05.VIBuffer\02.CubeCol</Filter>
    </ClInclude>
    <ClInclude Include="..\Code\CubeTex.h">
      <Filter>01.Utility\04.Component\05.VIBuffer\03.CubeTex</Filter>
    </ClInclude>
    <ClInclude Include="..\Code\TerrainTex.h">
      <Filter>01.Utility\04.Component\05.VIBuffer\04.TerrainTex</Filter>
    </ClInclude>
    <ClInclude Include="..\Code\ScreenTex.h">
      <Filter>01.Utility\04.Component\05.VIBuffer\05.ScreenTex</Filter>
    </ClInclude>
    <ClInclude Include="..\Code\VIBuffer.h">
      <Filter>01.Utility\04.Component\05.VIBuffer</Filter>
    </ClInclude>
    <ClInclude Include="..\Code\Texture.h">
      <Filter>01.Utility\04.Component\07.Texture</Filter>
    </ClInclude>
    <ClInclude Include="..\Code\Calculator.h">
      <Filter>01.Utility\04.Component\01.Calculator</Filter>
    </ClInclude>
    <ClInclude Include="..\Code\Transform.h">
      <Filter>01.Utility\04.Component\00.Transform</Filter>
    </ClInclude>
    <ClInclude Include="..\Code\Mesh.h">
      <Filter>01.Utility\04.Component\08.Mesh</Filter>
    </ClInclude>
    <ClInclude Include="..\Code\DynamicMesh.h">
      <Filter>01.Utility\04.Component\08.Mesh\01.DynamicMesh</Filter>
    </ClInclude>
    <ClInclude Include="..\Code\StaticMesh.h">
      <Filter>01.Utility\04.Component\08.Mesh\00.StaticMesh</Filter>
    </ClInclude>
    <ClInclude Include="..\Code\HierarchyLoader.h">
      <Filter>01.Utility\04.Component\08.Mesh\01.DynamicMesh\00.HierachyLoader</Filter>
    </ClInclude>
    <ClInclude Include="..\Code\AniCtrl.h">
      <Filter>01.Utility\04.Component\08.Mesh\01.DynamicMesh\01.AniCtrl</Filter>
    </ClInclude>
    <ClInclude Include="..\Code\Optimization.h">
      <Filter>01.Utility\04.Component\04.Optimization</Filter>
    </ClInclude>
    <ClInclude Include="..\Code\Frustum.h">
      <Filter>01.Utility\04.Component\04.Optimization\00.Frustum</Filter>
    </ClInclude>
    <ClInclude Include="..\Code\Renderer.h">
      <Filter>01.Utility\04.Component\03.Renderer</Filter>
    </ClInclude>
    <ClInclude Include="..\Code\Shader.h">
      <Filter>01.Utility\04.Component\09.Shader</Filter>
    </ClInclude>
    <ClInclude Include="..\Code\Light.h">
      <Filter>01.Utility\05.Light</Filter>
    </ClInclude>
    <ClInclude Include="..\Code\LightMgr.h">
      <Filter>01.Utility\05.Light\Manager</Filter>
    </ClInclude>
    <ClInclude Include="..\Code\RenderTarget.h">
      <Filter>01.Utility\06.RenderTarget</Filter>
    </ClInclude>
    <ClInclude Include="..\Code\RenderTargetMgr.h">
      <Filter>01.Utility\06.RenderTarget\Manager</Filter>
    </ClInclude>
    <ClInclude Include="..\Code\Camera.h">
      <Filter>01.Utility\03.GameObject\00.Camera</Filter>
    </ClInclude>
    <ClInclude Include="..\Code\NaviMesh.h">
      <Filter>01.Utility\04.Component\08.Mesh\02.NaviMesh</Filter>
    </ClInclude>
    <ClInclude Include="..\Code\Cell.h">
      <Filter>01.Utility\04.Component\08.Mesh\02.NaviMesh\01.Cell</Filter>
    </ClInclude>
    <ClInclude Include="..\Code\Line.h">
      <Filter>01.Utility\04.Component\08.Mesh\02.NaviMesh\00.Line</Filter>
    </ClInclude>
    <ClInclude Include="..\Header\Engine_Collision.h">
      <Filter>99.Header</Filter>
    </ClInclude>
    <ClInclude Include="..\Header\Engine_Math.h">
      <Filter>99.Header</Filter>
    </ClInclude>
    <ClInclude Include="..\Code\Collider.h">
      <Filter>01.Utility\04.Component\02.Collider</Filter>
    </ClInclude>
    <ClInclude Include="..\Code\SphereCollider.h">
      <Filter>01.Utility\04.Component\02.Collider\00.SphereCollider</Filter>
    </ClInclude>
    <ClInclude Include="..\Code\ParticleTex.h">
      <Filter>01.Utility\04.Component\05.VIBuffer\06.ParticleTex</Filter>
    </ClInclude>
    <ClInclude Include="..\Code\Shader_Base.hpp">
      <Filter>01.Utility\04.Component\09.Shader\00.fx\00.General</Filter>
    </ClInclude>
    <ClInclude Include="..\Code\Shader_Mesh.hpp">
      <Filter>01.Utility\04.Component\09.Shader\00.fx\00.General</Filter>
    </ClInclude>
    <ClInclude Include="..\Code\Shader_Normal.hpp">
      <Filter>01.Utility\04.Component\09.Shader\00.fx\00.General</Filter>
    </ClInclude>
    <ClInclude Include="..\Code\Shader_Shade.hpp">
      <Filter>01.Utility\04.Component\09.Shader\00.fx\01.Light</Filter>
    </ClInclude>
    <ClInclude Include="..\Code\Shader_HDRBase.hpp">
      <Filter>01.Utility\04.Component\09.Shader\00.fx\02.HDR</Filter>
    </ClInclude>
    <ClInclude Include="..\Code\Shader_HDR.hpp">
      <Filter>01.Utility\04.Component\09.Shader\00.fx\02.HDR</Filter>
    </ClInclude>
    <ClInclude Include="..\Code\Shader_Outline.hpp">
      <Filter>01.Utility\04.Component\09.Shader\00.fx\03.Outline</Filter>
    </ClInclude>
    <ClInclude Include="..\Code\Shader_Occlusion.hpp">
      <Filter>01.Utility\04.Component\09.Shader\00.fx\04.Occulusion</Filter>
    </ClInclude>
    <ClInclude Include="..\Header\Engine_Enum.h">
      <Filter>99.Header</Filter>
    </ClInclude>
    <ClInclude Include="..\Code\ComponentMgr.h">
      <Filter>01.Utility\04.Component\Manager\00.ComponentMgr</Filter>
    </ClInclude>
    <ClInclude Include="..\Code\TextureMgr.h">
      <Filter>01.Utility\04.Component\Manager\01.TextureMgr</Filter>
    </ClInclude>
    <ClInclude Include="..\Code\Shader_Sky.hpp">
      <Filter>01.Utility\04.Component\09.Shader\00.fx\00.General</Filter>
    </ClInclude>
    <ClInclude Include="..\Code\UltimateBuffer.h">
      <Filter>01.Utility\04.Component\06.UltimateBuffer</Filter>
    </ClInclude>
    <ClInclude Include="..\Code\Shader_DOF.hpp">
      <Filter>01.Utility\04.Component\09.Shader\00.fx\05.PostEffect\00.DOF</Filter>
    </ClInclude>
    <ClInclude Include="..\Code\Shader_LightShaft.hpp">
      <Filter>01.Utility\04.Component\09.Shader\00.fx\05.PostEffect\01.LightShaft</Filter>
    </ClInclude>
    <ClInclude Include="..\Code\Shader_Water.hpp">
      <Filter>01.Utility\04.Component\09.Shader\00.fx\00.General</Filter>
    </ClInclude>
    <ClInclude Include="..\Code\CubeCollider.h">
      <Filter>01.Utility\04.Component\02.Collider\01.CubeCollider</Filter>
    </ClInclude>
    <ClInclude Include="..\Code\Shader_Effect.hpp">
      <Filter>01.Utility\04.Component\09.Shader\00.fx\00.General</Filter>
    </ClInclude>
    <ClInclude Include="..\Code\DynamicBuffer.h">
      <Filter>01.Utility\04.Component\05.VIBuffer\07.DynamicBuffer</Filter>
    </ClInclude>
    <ClInclude Include="..\Code\NaviMeshRun.h">
      <Filter>01.Utility\04.Component\08.Mesh\03.NaviMeshRun</Filter>
    </ClInclude>
  </ItemGroup>
  <ItemGroup>
    <ClCompile Include="..\Code\GraphicDev.cpp">
      <Filter>00.System\00. GraphicDev</Filter>
    </ClCompile>
    <ClCompile Include="..\Code\InputDev.cpp">
      <Filter>00.System\01.InputDev</Filter>
    </ClCompile>
    <ClCompile Include="..\Code\Timer.cpp">
      <Filter>00.System\02.Timer</Filter>
    </ClCompile>
    <ClCompile Include="..\Code\TimerMgr.cpp">
      <Filter>00.System\02.Timer\Manager</Filter>
    </ClCompile>
    <ClCompile Include="..\Code\Frame.cpp">
      <Filter>00.System\03.Frame</Filter>
    </ClCompile>
    <ClCompile Include="..\Code\FrameMgr.cpp">
      <Filter>00.System\03.Frame\Manager</Filter>
    </ClCompile>
    <ClCompile Include="..\Code\Font.cpp">
      <Filter>00.System\04.Font</Filter>
    </ClCompile>
    <ClCompile Include="..\Code\FontMgr.cpp">
      <Filter>00.System\04.Font\Manager</Filter>
    </ClCompile>
    <ClCompile Include="..\Code\Management.cpp">
      <Filter>01.Utility\00.Management</Filter>
    </ClCompile>
    <ClCompile Include="..\Code\Component.cpp">
      <Filter>01.Utility\04.Component</Filter>
    </ClCompile>
    <ClCompile Include="..\Code\GameObject.cpp">
      <Filter>01.Utility\03.GameObject</Filter>
    </ClCompile>
    <ClCompile Include="..\Code\Layer.cpp">
      <Filter>01.Utility\02.Layer</Filter>
    </ClCompile>
    <ClCompile Include="..\Code\Scene.cpp">
      <Filter>01.Utility\01.Scene</Filter>
    </ClCompile>
    <ClCompile Include="..\Code\Subject.cpp">
      <Filter>01.Utility\00.Management\00.Subject</Filter>
    </ClCompile>
    <ClCompile Include="..\Code\Observer.cpp">
      <Filter>01.Utility\07.Observer</Filter>
    </ClCompile>
    <ClCompile Include="..\Code\TriCol.cpp">
      <Filter>01.Utility\04.Component\05.VIBuffer\00.TriCol</Filter>
    </ClCompile>
    <ClCompile Include="..\Code\RcTex.cpp">
      <Filter>01.Utility\04.Component\05.VIBuffer\01.RcTex</Filter>
    </ClCompile>
    <ClCompile Include="..\Code\CubeCol.cpp">
      <Filter>01.Utility\04.Component\05.VIBuffer\02.CubeCol</Filter>
    </ClCompile>
    <ClCompile Include="..\Code\CubeTex.cpp">
      <Filter>01.Utility\04.Component\05.VIBuffer\03.CubeTex</Filter>
    </ClCompile>
    <ClCompile Include="..\Code\TerrainTex.cpp">
      <Filter>01.Utility\04.Component\05.VIBuffer\04.TerrainTex</Filter>
    </ClCompile>
    <ClCompile Include="..\Code\ScreenTex.cpp">
      <Filter>01.Utility\04.Component\05.VIBuffer\05.ScreenTex</Filter>
    </ClCompile>
    <ClCompile Include="..\Code\VIBuffer.cpp">
      <Filter>01.Utility\04.Component\05.VIBuffer</Filter>
    </ClCompile>
    <ClCompile Include="..\Code\Texture.cpp">
      <Filter>01.Utility\04.Component\07.Texture</Filter>
    </ClCompile>
    <ClCompile Include="..\Code\Calculator.cpp">
      <Filter>01.Utility\04.Component\01.Calculator</Filter>
    </ClCompile>
    <ClCompile Include="..\Code\Transform.cpp">
      <Filter>01.Utility\04.Component\00.Transform</Filter>
    </ClCompile>
    <ClCompile Include="..\Code\Mesh.cpp">
      <Filter>01.Utility\04.Component\08.Mesh</Filter>
    </ClCompile>
    <ClCompile Include="..\Code\DynamicMesh.cpp">
      <Filter>01.Utility\04.Component\08.Mesh\01.DynamicMesh</Filter>
    </ClCompile>
    <ClCompile Include="..\Code\StaticMesh.cpp">
      <Filter>01.Utility\04.Component\08.Mesh\00.StaticMesh</Filter>
    </ClCompile>
    <ClCompile Include="..\Code\HierarchyLoader.cpp">
      <Filter>01.Utility\04.Component\08.Mesh\01.DynamicMesh\00.HierachyLoader</Filter>
    </ClCompile>
    <ClCompile Include="..\Code\AniCtrl.cpp">
      <Filter>01.Utility\04.Component\08.Mesh\01.DynamicMesh\01.AniCtrl</Filter>
    </ClCompile>
    <ClCompile Include="..\Code\Optimization.cpp">
      <Filter>01.Utility\04.Component\04.Optimization</Filter>
    </ClCompile>
    <ClCompile Include="..\Code\Frustum.cpp">
      <Filter>01.Utility\04.Component\04.Optimization\00.Frustum</Filter>
    </ClCompile>
    <ClCompile Include="..\Code\Renderer.cpp">
      <Filter>01.Utility\04.Component\03.Renderer</Filter>
    </ClCompile>
    <ClCompile Include="..\Code\Shader.cpp">
      <Filter>01.Utility\04.Component\09.Shader</Filter>
    </ClCompile>
    <ClCompile Include="..\Code\Light.cpp">
      <Filter>01.Utility\05.Light</Filter>
    </ClCompile>
    <ClCompile Include="..\Code\LightMgr.cpp">
      <Filter>01.Utility\05.Light\Manager</Filter>
    </ClCompile>
    <ClCompile Include="..\Code\RenderTarget.cpp">
      <Filter>01.Utility\06.RenderTarget</Filter>
    </ClCompile>
    <ClCompile Include="..\Code\RenderTargetMgr.cpp">
      <Filter>01.Utility\06.RenderTarget\Manager</Filter>
    </ClCompile>
    <ClCompile Include="..\Code\Camera.cpp">
      <Filter>01.Utility\03.GameObject\00.Camera</Filter>
    </ClCompile>
    <ClCompile Include="..\Code\NaviMesh.cpp">
      <Filter>01.Utility\04.Component\08.Mesh\02.NaviMesh</Filter>
    </ClCompile>
    <ClCompile Include="..\Code\Cell.cpp">
      <Filter>01.Utility\04.Component\08.Mesh\02.NaviMesh\01.Cell</Filter>
    </ClCompile>
    <ClCompile Include="..\Code\Line.cpp">
      <Filter>01.Utility\04.Component\08.Mesh\02.NaviMesh\00.Line</Filter>
    </ClCompile>
    <ClCompile Include="..\Code\Collider.cpp">
      <Filter>01.Utility\04.Component\02.Collider</Filter>
    </ClCompile>
    <ClCompile Include="..\Code\SphereCollider.cpp">
      <Filter>01.Utility\04.Component\02.Collider\00.SphereCollider</Filter>
    </ClCompile>
    <ClCompile Include="..\Code\ParticleTex.cpp">
      <Filter>01.Utility\04.Component\05.VIBuffer\06.ParticleTex</Filter>
    </ClCompile>
    <ClCompile Include="..\Code\ComponentMgr.cpp">
      <Filter>01.Utility\04.Component\Manager\00.ComponentMgr</Filter>
    </ClCompile>
    <ClCompile Include="..\Code\TextureMgr.cpp">
      <Filter>01.Utility\04.Component\Manager\01.TextureMgr</Filter>
    </ClCompile>
    <ClCompile Include="..\Code\UltimateBuffer.cpp">
      <Filter>01.Utility\04.Component\06.UltimateBuffer</Filter>
    </ClCompile>
    <ClCompile Include="..\Code\CubeCollider.cpp">
      <Filter>01.Utility\04.Component\02.Collider\01.CubeCollider</Filter>
    </ClCompile>
    <ClCompile Include="..\Code\DynamicBuffer.cpp">
      <Filter>01.Utility\04.Component\05.VIBuffer\07.DynamicBuffer</Filter>
    </ClCompile>
    <ClCompile Include="..\Code\NaviMeshRun.cpp">
      <Filter>01.Utility\04.Component\08.Mesh\03.NaviMeshRun</Filter>
    </ClCompile>
  </ItemGroup>
  <ItemGroup>
    <None Include="..\Header\Export_Engine.inl">
      <Filter>98.Export</Filter>
    </None>
  </ItemGroup>
</Project>